
Microsoft Visual Studio Solution File, Format Version 12.00
# Visual Studio 15
VisualStudioVersion = 15.0.28010.2016
MinimumVisualStudioVersion = 10.0.40219.1
Project("{FAE04EC0-301F-11D3-BF4B-00C04F79EFBC}") = "Range", "Range\Range.csproj", "{B20B9726-10F7-4748-87D0-1653CFBF68B0}"
EndProject
Project("{FAE04EC0-301F-11D3-BF4B-00C04F79EFBC}") = "Shape", "Shape\Shape.csproj", "{4EBB5484-9428-4ADD-8BF0-CE4AC1EA4AA7}"
EndProject
Project("{FAE04EC0-301F-11D3-BF4B-00C04F79EFBC}") = "Vector", "Vector\Vector.csproj", "{5531E780-98A1-4E97-8C6E-70AE4A02D8A9}"
EndProject
Project("{FAE04EC0-301F-11D3-BF4B-00C04F79EFBC}") = "Matrix", "Matrix\Matrix.csproj", "{301D9E6E-172B-451B-8708-F6C2561C2D12}"
EndProject
Project("{FAE04EC0-301F-11D3-BF4B-00C04F79EFBC}") = "ArrayListHome", "ArrayListHome\ArrayListHome.csproj", "{961D122B-851D-48C1-AA38-337871C2DFEC}"
EndProject
Project("{FAE04EC0-301F-11D3-BF4B-00C04F79EFBC}") = "HashTable", "HashTable\HashTable.csproj", "{5581DD7C-9E4D-4345-9425-E30E4A4DEB73}"
EndProject
Project("{FAE04EC0-301F-11D3-BF4B-00C04F79EFBC}") = "List", "List\List.csproj", "{D64F111B-1438-4160-82A4-3CAD6A8BB536}"
EndProject
Global
	GlobalSection(SolutionConfigurationPlatforms) = preSolution
		Debug|Any CPU = Debug|Any CPU
		Release|Any CPU = Release|Any CPU
	EndGlobalSection
	GlobalSection(ProjectConfigurationPlatforms) = postSolution
		{B20B9726-10F7-4748-87D0-1653CFBF68B0}.Debug|Any CPU.ActiveCfg = Debug|Any CPU
		{B20B9726-10F7-4748-87D0-1653CFBF68B0}.Debug|Any CPU.Build.0 = Debug|Any CPU
		{B20B9726-10F7-4748-87D0-1653CFBF68B0}.Release|Any CPU.ActiveCfg = Release|Any CPU
		{B20B9726-10F7-4748-87D0-1653CFBF68B0}.Release|Any CPU.Build.0 = Release|Any CPU
		{4EBB5484-9428-4ADD-8BF0-CE4AC1EA4AA7}.Debug|Any CPU.ActiveCfg = Debug|Any CPU
		{4EBB5484-9428-4ADD-8BF0-CE4AC1EA4AA7}.Debug|Any CPU.Build.0 = Debug|Any CPU
		{4EBB5484-9428-4ADD-8BF0-CE4AC1EA4AA7}.Release|Any CPU.ActiveCfg = Release|Any CPU
		{4EBB5484-9428-4ADD-8BF0-CE4AC1EA4AA7}.Release|Any CPU.Build.0 = Release|Any CPU
		{5531E780-98A1-4E97-8C6E-70AE4A02D8A9}.Debug|Any CPU.ActiveCfg = Debug|Any CPU
		{5531E780-98A1-4E97-8C6E-70AE4A02D8A9}.Debug|Any CPU.Build.0 = Debug|Any CPU
		{5531E780-98A1-4E97-8C6E-70AE4A02D8A9}.Release|Any CPU.ActiveCfg = Release|Any CPU
		{5531E780-98A1-4E97-8C6E-70AE4A02D8A9}.Release|Any CPU.Build.0 = Release|Any CPU
		{301D9E6E-172B-451B-8708-F6C2561C2D12}.Debug|Any CPU.ActiveCfg = Debug|Any CPU
		{301D9E6E-172B-451B-8708-F6C2561C2D12}.Debug|Any CPU.Build.0 = Debug|Any CPU
		{301D9E6E-172B-451B-8708-F6C2561C2D12}.Release|Any CPU.ActiveCfg = Release|Any CPU
		{301D9E6E-172B-451B-8708-F6C2561C2D12}.Release|Any CPU.Build.0 = Release|Any CPU
		{961D122B-851D-48C1-AA38-337871C2DFEC}.Debug|Any CPU.ActiveCfg = Debug|Any CPU
		{961D122B-851D-48C1-AA38-337871C2DFEC}.Debug|Any CPU.Build.0 = Debug|Any CPU
		{961D122B-851D-48C1-AA38-337871C2DFEC}.Release|Any CPU.ActiveCfg = Release|Any CPU
		{961D122B-851D-48C1-AA38-337871C2DFEC}.Release|Any CPU.Build.0 = Release|Any CPU
		{5581DD7C-9E4D-4345-9425-E30E4A4DEB73}.Debug|Any CPU.ActiveCfg = Debug|Any CPU
		{5581DD7C-9E4D-4345-9425-E30E4A4DEB73}.Debug|Any CPU.Build.0 = Debug|Any CPU
		{5581DD7C-9E4D-4345-9425-E30E4A4DEB73}.Release|Any CPU.ActiveCfg = Release|Any CPU
		{5581DD7C-9E4D-4345-9425-E30E4A4DEB73}.Release|Any CPU.Build.0 = Release|Any CPU
		{D64F111B-1438-4160-82A4-3CAD6A8BB536}.Debug|Any CPU.ActiveCfg = Debug|Any CPU
		{D64F111B-1438-4160-82A4-3CAD6A8BB536}.Debug|Any CPU.Build.0 = Debug|Any CPU
		{D64F111B-1438-4160-82A4-3CAD6A8BB536}.Release|Any CPU.ActiveCfg = Release|Any CPU
		{D64F111B-1438-4160-82A4-3CAD6A8BB536}.Release|Any CPU.Build.0 = Release|Any CPU
	EndGlobalSection
	GlobalSection(SolutionProperties) = preSolution
		HideSolutionNode = FALSE
	EndGlobalSection
	GlobalSection(ExtensibilityGlobals) = postSolution
		SolutionGuid = {C1A685E5-2803-4E2A-839E-99AC5F86EAEA}
	EndGlobalSection
EndGlobal
